
Microsoft Visual Studio Solution File, Format Version 12.00
# Visual Studio Version 17
VisualStudioVersion = 17.3.32922.545
MinimumVisualStudioVersion = 10.0.40219.1
Project("{FAE04EC0-301F-11D3-BF4B-00C04F79EFBC}") = "Kalkulator_26_29", "Kalkulator_26_29\Kalkulator_26_29.csproj", "{B7644BDE-8DBC-46F3-A83D-BD542821D20D}"
EndProject
Global
	GlobalSection(SolutionConfigurationPlatforms) = preSolution
		Debug|Any CPU = Debug|Any CPU
		Release|Any CPU = Release|Any CPU
	EndGlobalSection
	GlobalSection(ProjectConfigurationPlatforms) = postSolution
		{B7644BDE-8DBC-46F3-A83D-BD542821D20D}.Debug|Any CPU.ActiveCfg = Debug|Any CPU
		{B7644BDE-8DBC-46F3-A83D-BD542821D20D}.Debug|Any CPU.Build.0 = Debug|Any CPU
		{B7644BDE-8DBC-46F3-A83D-BD542821D20D}.Release|Any CPU.ActiveCfg = Release|Any CPU
		{B7644BDE-8DBC-46F3-A83D-BD542821D20D}.Release|Any CPU.Build.0 = Release|Any CPU
	EndGlobalSection
	GlobalSection(SolutionProperties) = preSolution
		HideSolutionNode = FALSE
	EndGlobalSection
	GlobalSection(ExtensibilityGlobals) = postSolution
		SolutionGuid = {F2980BA6-0B21-47EF-B1C4-D047FA8E496B}
	EndGlobalSection
EndGlobal
